
Microsoft Visual Studio Solution File, Format Version 12.00
# Visual Studio Version 16
VisualStudioVersion = 16.0.33214.272
MinimumVisualStudioVersion = 10.0.40219.1
Project("{9A19103F-16F7-4668-BE54-9A1E7A4F7556}") = "VariacaoAtivo.API", "VariacaoAtivo.API\VariacaoAtivo.API.csproj", "{BDE21C48-9441-4BC4-979C-DFACE83CA513}"
EndProject
Project("{9A19103F-16F7-4668-BE54-9A1E7A4F7556}") = "VariacaoAtivo.VO", "VariacaoAtivo.VO\VariacaoAtivo.VO.csproj", "{B09B475C-462D-473C-93FA-0B0C4EE3AF4A}"
EndProject
Project("{9A19103F-16F7-4668-BE54-9A1E7A4F7556}") = "VariacaoAtivo.DAL", "VariacaoAtivo.DAL\VariacaoAtivo.DAL.csproj", "{4A960CD1-EB05-465E-997E-C1E02E51B158}"
EndProject
Project("{9A19103F-16F7-4668-BE54-9A1E7A4F7556}") = "VariacaoAtivo.Service", "VariacaoAtivo.Service\VariacaoAtivo.Service.csproj", "{E4FF6C79-71E9-43B1-9672-7B9DFC48796E}"
EndProject
Project("{FAE04EC0-301F-11D3-BF4B-00C04F79EFBC}") = "VariacaoAtivo.Tests", "VariacaoAtivo.Tests\VariacaoAtivo.Tests.csproj", "{E7009595-C7F2-494F-8EE5-0119886CC9AF}"
EndProject
Global
	GlobalSection(SolutionConfigurationPlatforms) = preSolution
		Debug|Any CPU = Debug|Any CPU
		Release|Any CPU = Release|Any CPU
	EndGlobalSection
	GlobalSection(ProjectConfigurationPlatforms) = postSolution
		{BDE21C48-9441-4BC4-979C-DFACE83CA513}.Debug|Any CPU.ActiveCfg = Debug|Any CPU
		{BDE21C48-9441-4BC4-979C-DFACE83CA513}.Debug|Any CPU.Build.0 = Debug|Any CPU
		{BDE21C48-9441-4BC4-979C-DFACE83CA513}.Release|Any CPU.ActiveCfg = Release|Any CPU
		{BDE21C48-9441-4BC4-979C-DFACE83CA513}.Release|Any CPU.Build.0 = Release|Any CPU
		{B09B475C-462D-473C-93FA-0B0C4EE3AF4A}.Debug|Any CPU.ActiveCfg = Debug|Any CPU
		{B09B475C-462D-473C-93FA-0B0C4EE3AF4A}.Debug|Any CPU.Build.0 = Debug|Any CPU
		{B09B475C-462D-473C-93FA-0B0C4EE3AF4A}.Release|Any CPU.ActiveCfg = Release|Any CPU
		{B09B475C-462D-473C-93FA-0B0C4EE3AF4A}.Release|Any CPU.Build.0 = Release|Any CPU
		{4A960CD1-EB05-465E-997E-C1E02E51B158}.Debug|Any CPU.ActiveCfg = Debug|Any CPU
		{4A960CD1-EB05-465E-997E-C1E02E51B158}.Debug|Any CPU.Build.0 = Debug|Any CPU
		{4A960CD1-EB05-465E-997E-C1E02E51B158}.Release|Any CPU.ActiveCfg = Release|Any CPU
		{4A960CD1-EB05-465E-997E-C1E02E51B158}.Release|Any CPU.Build.0 = Release|Any CPU
		{E4FF6C79-71E9-43B1-9672-7B9DFC48796E}.Debug|Any CPU.ActiveCfg = Debug|Any CPU
		{E4FF6C79-71E9-43B1-9672-7B9DFC48796E}.Debug|Any CPU.Build.0 = Debug|Any CPU
		{E4FF6C79-71E9-43B1-9672-7B9DFC48796E}.Release|Any CPU.ActiveCfg = Release|Any CPU
		{E4FF6C79-71E9-43B1-9672-7B9DFC48796E}.Release|Any CPU.Build.0 = Release|Any CPU
		{E7009595-C7F2-494F-8EE5-0119886CC9AF}.Debug|Any CPU.ActiveCfg = Debug|Any CPU
		{E7009595-C7F2-494F-8EE5-0119886CC9AF}.Debug|Any CPU.Build.0 = Debug|Any CPU
		{E7009595-C7F2-494F-8EE5-0119886CC9AF}.Release|Any CPU.ActiveCfg = Release|Any CPU
		{E7009595-C7F2-494F-8EE5-0119886CC9AF}.Release|Any CPU.Build.0 = Release|Any CPU
	EndGlobalSection
	GlobalSection(SolutionProperties) = preSolution
		HideSolutionNode = FALSE
	EndGlobalSection
	GlobalSection(ExtensibilityGlobals) = postSolution
		SolutionGuid = {AC3CAE37-496A-4411-BCA6-A6E29543E6FC}
	EndGlobalSection
EndGlobal
